// !$*UTF8*$!
{
	archiveVersion = 1;
	classes = {
	};
	objectVersion = 56;
	objects = {

/* Begin PBXBuildFile section */
		8D7D24B461FF985FFB964DAD /* Pods_BoxOfficeKorea.framework in Frameworks */ = {isa = PBXBuildFile; fileRef = A8410F47482CE952BEA16322 /* Pods_BoxOfficeKorea.framework */; };
		FA3EF6A92B33DD4C00B440E4 /* MovieDetailView.swift in Sources */ = {isa = PBXBuildFile; fileRef = FA3EF6A82B33DD4C00B440E4 /* MovieDetailView.swift */; };
		FA3EF6AB2B33E66100B440E4 /* MovieDetailModel.swift in Sources */ = {isa = PBXBuildFile; fileRef = FA3EF6AA2B33E66100B440E4 /* MovieDetailModel.swift */; };
		FA3EF6AF2B341C5900B440E4 /* String.swift in Sources */ = {isa = PBXBuildFile; fileRef = FA3EF6AE2B341C5900B440E4 /* String.swift */; };
		FA3EF6B62B35291900B440E4 /* WidgetKit.framework in Frameworks */ = {isa = PBXBuildFile; fileRef = FA3EF6B52B35291900B440E4 /* WidgetKit.framework */; };
		FA3EF6B82B35291900B440E4 /* SwiftUI.framework in Frameworks */ = {isa = PBXBuildFile; fileRef = FA3EF6B72B35291900B440E4 /* SwiftUI.framework */; };
		FA3EF6BB2B35291900B440E4 /* MyWidgetBundle.swift in Sources */ = {isa = PBXBuildFile; fileRef = FA3EF6BA2B35291900B440E4 /* MyWidgetBundle.swift */; };
		FA3EF6BD2B35291900B440E4 /* MyWidgetLiveActivity.swift in Sources */ = {isa = PBXBuildFile; fileRef = FA3EF6BC2B35291900B440E4 /* MyWidgetLiveActivity.swift */; };
		FA3EF6BF2B35291900B440E4 /* MyWidget.swift in Sources */ = {isa = PBXBuildFile; fileRef = FA3EF6BE2B35291900B440E4 /* MyWidget.swift */; };
		FA3EF6C12B35291900B440E4 /* AppIntent.swift in Sources */ = {isa = PBXBuildFile; fileRef = FA3EF6C02B35291900B440E4 /* AppIntent.swift */; };
		FA3EF6C32B35291A00B440E4 /* Assets.xcassets in Resources */ = {isa = PBXBuildFile; fileRef = FA3EF6C22B35291A00B440E4 /* Assets.xcassets */; };
		FA3EF6C72B35291A00B440E4 /* MyWidgetExtension.appex in Embed Foundation Extensions */ = {isa = PBXBuildFile; fileRef = FA3EF6B42B35291800B440E4 /* MyWidgetExtension.appex */; settings = {ATTRIBUTES = (RemoveHeadersOnCopy, ); }; };
		FA3EF6CE2B35355800B440E4 /* ImageCacheManager.swift in Sources */ = {isa = PBXBuildFile; fileRef = FA3EF6CD2B35355800B440E4 /* ImageCacheManager.swift */; };
		FA3EF6CF2B35355800B440E4 /* ImageCacheManager.swift in Sources */ = {isa = PBXBuildFile; fileRef = FA3EF6CD2B35355800B440E4 /* ImageCacheManager.swift */; };
		FA5BED2B2B2A8AC000A9456F /* MovieView.swift in Sources */ = {isa = PBXBuildFile; fileRef = FA5BED2A2B2A8AC000A9456F /* MovieView.swift */; };
		FA5BED2D2B2A96EF00A9456F /* Categories.swift in Sources */ = {isa = PBXBuildFile; fileRef = FA5BED2C2B2A96EF00A9456F /* Categories.swift */; };
		FA5BED362B2AA19E00A9456F /* View.swift in Sources */ = {isa = PBXBuildFile; fileRef = FA5BED352B2AA19E00A9456F /* View.swift */; };
		FA5BED3B2B2AE22D00A9456F /* MovieImageModel.swift in Sources */ = {isa = PBXBuildFile; fileRef = FA5BED3A2B2AE22D00A9456F /* MovieImageModel.swift */; };
		FA5C637A2B20132A00F718A4 /* MovieViewModel.swift in Sources */ = {isa = PBXBuildFile; fileRef = FA5C63792B20132A00F718A4 /* MovieViewModel.swift */; };
		FA5C637C2B20133900F718A4 /* MovieModel.swift in Sources */ = {isa = PBXBuildFile; fileRef = FA5C637B2B20133900F718A4 /* MovieModel.swift */; };
		FA860AFD2B3C216B008C3009 /* GADBannerViewController.swift in Sources */ = {isa = PBXBuildFile; fileRef = FA860AFC2B3C216B008C3009 /* GADBannerViewController.swift */; };
		FA860B042B3CF479008C3009 /* Key.swift in Sources */ = {isa = PBXBuildFile; fileRef = FA860B032B3CF479008C3009 /* Key.swift */; };
		FAB3CE9C2B30445300CD42F6 /* KEY.swift in Sources */ = {isa = PBXBuildFile; fileRef = FAB3CE9B2B30445300CD42F6 /* KEY.swift */; };
		FAB3CE9F2B30446F00CD42F6 /* KAKAO.swift in Sources */ = {isa = PBXBuildFile; fileRef = FAB3CE9E2B30446F00CD42F6 /* KAKAO.swift */; };
		FAF7185A2B1715AD0074C36D /* BoxOfficeKoreaApp.swift in Sources */ = {isa = PBXBuildFile; fileRef = FAF718592B1715AD0074C36D /* BoxOfficeKoreaApp.swift */; };
		FAF7185C2B1715AD0074C36D /* ContentView.swift in Sources */ = {isa = PBXBuildFile; fileRef = FAF7185B2B1715AD0074C36D /* ContentView.swift */; };
		FAF7185E2B1715AE0074C36D /* Assets.xcassets in Resources */ = {isa = PBXBuildFile; fileRef = FAF7185D2B1715AE0074C36D /* Assets.xcassets */; };
		FAF718612B1715AE0074C36D /* Preview Assets.xcassets in Resources */ = {isa = PBXBuildFile; fileRef = FAF718602B1715AE0074C36D /* Preview Assets.xcassets */; };
/* End PBXBuildFile section */

/* Begin PBXContainerItemProxy section */
		FA3EF6C52B35291A00B440E4 /* PBXContainerItemProxy */ = {
			isa = PBXContainerItemProxy;
			containerPortal = FAF7184E2B1715AD0074C36D /* Project object */;
			proxyType = 1;
			remoteGlobalIDString = FA3EF6B32B35291800B440E4;
			remoteInfo = MyWidgetExtension;
		};
/* End PBXContainerItemProxy section */

/* Begin PBXCopyFilesBuildPhase section */
		FA3EF6C82B35291A00B440E4 /* Embed Foundation Extensions */ = {
			isa = PBXCopyFilesBuildPhase;
			buildActionMask = 2147483647;
			dstPath = "";
			dstSubfolderSpec = 13;
			files = (
				FA3EF6C72B35291A00B440E4 /* MyWidgetExtension.appex in Embed Foundation Extensions */,
			);
			name = "Embed Foundation Extensions";
			runOnlyForDeploymentPostprocessing = 0;
		};
/* End PBXCopyFilesBuildPhase section */

/* Begin PBXFileReference section */
		A8410F47482CE952BEA16322 /* Pods_BoxOfficeKorea.framework */ = {isa = PBXFileReference; explicitFileType = wrapper.framework; includeInIndex = 0; path = Pods_BoxOfficeKorea.framework; sourceTree = BUILT_PRODUCTS_DIR; };
		BCC795C415A07AC3BDD5BC9F /* Pods-BoxOfficeKorea.release.xcconfig */ = {isa = PBXFileReference; includeInIndex = 1; lastKnownFileType = text.xcconfig; name = "Pods-BoxOfficeKorea.release.xcconfig"; path = "Target Support Files/Pods-BoxOfficeKorea/Pods-BoxOfficeKorea.release.xcconfig"; sourceTree = "<group>"; };
		EAF1151792FB0F6882B31F8F /* Pods-BoxOfficeKorea.debug.xcconfig */ = {isa = PBXFileReference; includeInIndex = 1; lastKnownFileType = text.xcconfig; name = "Pods-BoxOfficeKorea.debug.xcconfig"; path = "Target Support Files/Pods-BoxOfficeKorea/Pods-BoxOfficeKorea.debug.xcconfig"; sourceTree = "<group>"; };
		FA3EF6A82B33DD4C00B440E4 /* MovieDetailView.swift */ = {isa = PBXFileReference; lastKnownFileType = sourcecode.swift; path = MovieDetailView.swift; sourceTree = "<group>"; };
		FA3EF6AA2B33E66100B440E4 /* MovieDetailModel.swift */ = {isa = PBXFileReference; lastKnownFileType = sourcecode.swift; path = MovieDetailModel.swift; sourceTree = "<group>"; };
		FA3EF6AE2B341C5900B440E4 /* String.swift */ = {isa = PBXFileReference; lastKnownFileType = sourcecode.swift; path = String.swift; sourceTree = "<group>"; };
		FA3EF6B42B35291800B440E4 /* MyWidgetExtension.appex */ = {isa = PBXFileReference; explicitFileType = "wrapper.app-extension"; includeInIndex = 0; path = MyWidgetExtension.appex; sourceTree = BUILT_PRODUCTS_DIR; };
		FA3EF6B52B35291900B440E4 /* WidgetKit.framework */ = {isa = PBXFileReference; lastKnownFileType = wrapper.framework; name = WidgetKit.framework; path = System/Library/Frameworks/WidgetKit.framework; sourceTree = SDKROOT; };
		FA3EF6B72B35291900B440E4 /* SwiftUI.framework */ = {isa = PBXFileReference; lastKnownFileType = wrapper.framework; name = SwiftUI.framework; path = System/Library/Frameworks/SwiftUI.framework; sourceTree = SDKROOT; };
		FA3EF6BA2B35291900B440E4 /* MyWidgetBundle.swift */ = {isa = PBXFileReference; lastKnownFileType = sourcecode.swift; path = MyWidgetBundle.swift; sourceTree = "<group>"; };
		FA3EF6BC2B35291900B440E4 /* MyWidgetLiveActivity.swift */ = {isa = PBXFileReference; lastKnownFileType = sourcecode.swift; path = MyWidgetLiveActivity.swift; sourceTree = "<group>"; };
		FA3EF6BE2B35291900B440E4 /* MyWidget.swift */ = {isa = PBXFileReference; lastKnownFileType = sourcecode.swift; path = MyWidget.swift; sourceTree = "<group>"; };
		FA3EF6C02B35291900B440E4 /* AppIntent.swift */ = {isa = PBXFileReference; lastKnownFileType = sourcecode.swift; path = AppIntent.swift; sourceTree = "<group>"; };
		FA3EF6C22B35291A00B440E4 /* Assets.xcassets */ = {isa = PBXFileReference; lastKnownFileType = folder.assetcatalog; path = Assets.xcassets; sourceTree = "<group>"; };
		FA3EF6C42B35291A00B440E4 /* Info.plist */ = {isa = PBXFileReference; lastKnownFileType = text.plist.xml; path = Info.plist; sourceTree = "<group>"; };
		FA3EF6CD2B35355800B440E4 /* ImageCacheManager.swift */ = {isa = PBXFileReference; lastKnownFileType = sourcecode.swift; path = ImageCacheManager.swift; sourceTree = "<group>"; };
		FA5BED2A2B2A8AC000A9456F /* MovieView.swift */ = {isa = PBXFileReference; lastKnownFileType = sourcecode.swift; path = MovieView.swift; sourceTree = "<group>"; };
		FA5BED2C2B2A96EF00A9456F /* Categories.swift */ = {isa = PBXFileReference; lastKnownFileType = sourcecode.swift; path = Categories.swift; sourceTree = "<group>"; };
		FA5BED352B2AA19E00A9456F /* View.swift */ = {isa = PBXFileReference; lastKnownFileType = sourcecode.swift; path = View.swift; sourceTree = "<group>"; };
		FA5BED3A2B2AE22D00A9456F /* MovieImageModel.swift */ = {isa = PBXFileReference; lastKnownFileType = sourcecode.swift; path = MovieImageModel.swift; sourceTree = "<group>"; };
		FA5C63792B20132A00F718A4 /* MovieViewModel.swift */ = {isa = PBXFileReference; lastKnownFileType = sourcecode.swift; path = MovieViewModel.swift; sourceTree = "<group>"; };
		FA5C637B2B20133900F718A4 /* MovieModel.swift */ = {isa = PBXFileReference; lastKnownFileType = sourcecode.swift; path = MovieModel.swift; sourceTree = "<group>"; };
		FA5C637D2B201ECD00F718A4 /* Info.plist */ = {isa = PBXFileReference; lastKnownFileType = text.plist.xml; path = Info.plist; sourceTree = "<group>"; };
		FA860AFC2B3C216B008C3009 /* GADBannerViewController.swift */ = {isa = PBXFileReference; lastKnownFileType = sourcecode.swift; path = GADBannerViewController.swift; sourceTree = "<group>"; };
		FA860B032B3CF479008C3009 /* Key.swift */ = {isa = PBXFileReference; lastKnownFileType = sourcecode.swift; path = Key.swift; sourceTree = "<group>"; };
		FAB3CE9B2B30445300CD42F6 /* KEY.swift */ = {isa = PBXFileReference; lastKnownFileType = sourcecode.swift; path = KEY.swift; sourceTree = "<group>"; };
		FAB3CE9E2B30446F00CD42F6 /* KAKAO.swift */ = {isa = PBXFileReference; lastKnownFileType = sourcecode.swift; path = KAKAO.swift; sourceTree = "<group>"; };
		FAF718562B1715AD0074C36D /* BoxOfficeKorea.app */ = {isa = PBXFileReference; explicitFileType = wrapper.application; includeInIndex = 0; path = BoxOfficeKorea.app; sourceTree = BUILT_PRODUCTS_DIR; };
		FAF718592B1715AD0074C36D /* BoxOfficeKoreaApp.swift */ = {isa = PBXFileReference; lastKnownFileType = sourcecode.swift; path = BoxOfficeKoreaApp.swift; sourceTree = "<group>"; };
		FAF7185B2B1715AD0074C36D /* ContentView.swift */ = {isa = PBXFileReference; lastKnownFileType = sourcecode.swift; path = ContentView.swift; sourceTree = "<group>"; };
		FAF7185D2B1715AE0074C36D /* Assets.xcassets */ = {isa = PBXFileReference; lastKnownFileType = folder.assetcatalog; path = Assets.xcassets; sourceTree = "<group>"; };
		FAF718602B1715AE0074C36D /* Preview Assets.xcassets */ = {isa = PBXFileReference; lastKnownFileType = folder.assetcatalog; path = "Preview Assets.xcassets"; sourceTree = "<group>"; };
/* End PBXFileReference section */

/* Begin PBXFrameworksBuildPhase section */
		FA3EF6B12B35291800B440E4 /* Frameworks */ = {
			isa = PBXFrameworksBuildPhase;
			buildActionMask = 2147483647;
			files = (
				FA3EF6B82B35291900B440E4 /* SwiftUI.framework in Frameworks */,
				FA3EF6B62B35291900B440E4 /* WidgetKit.framework in Frameworks */,
			);
			runOnlyForDeploymentPostprocessing = 0;
		};
		FAF718532B1715AD0074C36D /* Frameworks */ = {
			isa = PBXFrameworksBuildPhase;
			buildActionMask = 2147483647;
			files = (
				8D7D24B461FF985FFB964DAD /* Pods_BoxOfficeKorea.framework in Frameworks */,
			);
			runOnlyForDeploymentPostprocessing = 0;
		};
/* End PBXFrameworksBuildPhase section */

/* Begin PBXGroup section */
		06CFFA9E760C7A8BE77609D1 /* Frameworks */ = {
			isa = PBXGroup;
			children = (
				A8410F47482CE952BEA16322 /* Pods_BoxOfficeKorea.framework */,
				FA3EF6B52B35291900B440E4 /* WidgetKit.framework */,
				FA3EF6B72B35291900B440E4 /* SwiftUI.framework */,
			);
			name = Frameworks;
			sourceTree = "<group>";
		};
		F45A4AF5E0382811949624A0 /* Pods */ = {
			isa = PBXGroup;
			children = (
				EAF1151792FB0F6882B31F8F /* Pods-BoxOfficeKorea.debug.xcconfig */,
				BCC795C415A07AC3BDD5BC9F /* Pods-BoxOfficeKorea.release.xcconfig */,
			);
			path = Pods;
			sourceTree = "<group>";
		};
		FA035CF32B283CB800B63081 /* APIService */ = {
			isa = PBXGroup;
			children = (
				FAB3CE9B2B30445300CD42F6 /* KEY.swift */,
			);
			path = APIService;
			sourceTree = "<group>";
		};
		FA3EF6B92B35291900B440E4 /* MyWidget */ = {
			isa = PBXGroup;
			children = (
				FA3EF6BA2B35291900B440E4 /* MyWidgetBundle.swift */,
				FA3EF6BC2B35291900B440E4 /* MyWidgetLiveActivity.swift */,
				FA3EF6BE2B35291900B440E4 /* MyWidget.swift */,
				FA3EF6C02B35291900B440E4 /* AppIntent.swift */,
				FA3EF6C22B35291A00B440E4 /* Assets.xcassets */,
				FA3EF6C42B35291A00B440E4 /* Info.plist */,
			);
			path = MyWidget;
			sourceTree = "<group>";
		};
		FA3EF6CC2B35353D00B440E4 /* Manager */ = {
			isa = PBXGroup;
			children = (
				FA3EF6CD2B35355800B440E4 /* ImageCacheManager.swift */,
			);
			path = Manager;
			sourceTree = "<group>";
		};
		FA5BED2E2B2A970700A9456F /* ViewModel */ = {
			isa = PBXGroup;
			children = (
				FA5C63792B20132A00F718A4 /* MovieViewModel.swift */,
			);
			path = ViewModel;
			sourceTree = "<group>";
		};
		FA5BED2F2B2A971B00A9456F /* View */ = {
			isa = PBXGroup;
			children = (
				FAF7185B2B1715AD0074C36D /* ContentView.swift */,
				FA5BED2A2B2A8AC000A9456F /* MovieView.swift */,
				FA3EF6A82B33DD4C00B440E4 /* MovieDetailView.swift */,
			);
			path = View;
			sourceTree = "<group>";
		};
		FA5BED312B2A9C8900A9456F /* Base */ = {
			isa = PBXGroup;
			children = (
				FAF718592B1715AD0074C36D /* BoxOfficeKoreaApp.swift */,
				FA860B032B3CF479008C3009 /* Key.swift */,
			);
			path = Base;
			sourceTree = "<group>";
		};
		FA5BED342B2AA18D00A9456F /* Extension */ = {
			isa = PBXGroup;
			children = (
				FA5BED352B2AA19E00A9456F /* View.swift */,
				FA3EF6AE2B341C5900B440E4 /* String.swift */,
			);
			path = Extension;
			sourceTree = "<group>";
		};
		FA860AFE2B3C2170008C3009 /* Ads */ = {
			isa = PBXGroup;
			children = (
				FA860AFC2B3C216B008C3009 /* GADBannerViewController.swift */,
			);
			path = Ads;
			sourceTree = "<group>";
		};
		FAB3CE9D2B30446000CD42F6 /* KAKAO */ = {
			isa = PBXGroup;
			children = (
				FAB3CE9E2B30446F00CD42F6 /* KAKAO.swift */,
			);
			path = KAKAO;
			sourceTree = "<group>";
		};
		FAF7184D2B1715AD0074C36D = {
			isa = PBXGroup;
			children = (
				FAF718582B1715AD0074C36D /* BoxOfficeKorea */,
				FA3EF6B92B35291900B440E4 /* MyWidget */,
				FAF718572B1715AD0074C36D /* Products */,
				F45A4AF5E0382811949624A0 /* Pods */,
				06CFFA9E760C7A8BE77609D1 /* Frameworks */,
			);
			sourceTree = "<group>";
		};
		FAF718572B1715AD0074C36D /* Products */ = {
			isa = PBXGroup;
			children = (
				FAF718562B1715AD0074C36D /* BoxOfficeKorea.app */,
				FA3EF6B42B35291800B440E4 /* MyWidgetExtension.appex */,
			);
			name = Products;
			sourceTree = "<group>";
		};
		FAF718582B1715AD0074C36D /* BoxOfficeKorea */ = {
			isa = PBXGroup;
			children = (
				FA5C637D2B201ECD00F718A4 /* Info.plist */,
				FA5BED312B2A9C8900A9456F /* Base */,
				FAF718672B1716190074C36D /* Model */,
				FA5BED2E2B2A970700A9456F /* ViewModel */,
				FA5BED2F2B2A971B00A9456F /* View */,
				FA3EF6CC2B35353D00B440E4 /* Manager */,
				FA860AFE2B3C2170008C3009 /* Ads */,
				FA5BED342B2AA18D00A9456F /* Extension */,
				FA035CF32B283CB800B63081 /* APIService */,
				FAB3CE9D2B30446000CD42F6 /* KAKAO */,
				FAF7185F2B1715AE0074C36D /* Preview Content */,
			);
			path = BoxOfficeKorea;
			sourceTree = "<group>";
		};
		FAF7185F2B1715AE0074C36D /* Preview Content */ = {
			isa = PBXGroup;
			children = (
				FAF718602B1715AE0074C36D /* Preview Assets.xcassets */,
				FAF7185D2B1715AE0074C36D /* Assets.xcassets */,
			);
			path = "Preview Content";
			sourceTree = "<group>";
		};
		FAF718672B1716190074C36D /* Model */ = {
			isa = PBXGroup;
			children = (
				FA5BED2C2B2A96EF00A9456F /* Categories.swift */,
				FA5C637B2B20133900F718A4 /* MovieModel.swift */,
				FA3EF6AA2B33E66100B440E4 /* MovieDetailModel.swift */,
				FA5BED3A2B2AE22D00A9456F /* MovieImageModel.swift */,
			);
			path = Model;
			sourceTree = "<group>";
		};
/* End PBXGroup section */

/* Begin PBXNativeTarget section */
		FA3EF6B32B35291800B440E4 /* MyWidgetExtension */ = {
			isa = PBXNativeTarget;
			buildConfigurationList = FA3EF6CB2B35291A00B440E4 /* Build configuration list for PBXNativeTarget "MyWidgetExtension" */;
			buildPhases = (
				FA3EF6B02B35291800B440E4 /* Sources */,
				FA3EF6B12B35291800B440E4 /* Frameworks */,
				FA3EF6B22B35291800B440E4 /* Resources */,
			);
			buildRules = (
			);
			dependencies = (
			);
			name = MyWidgetExtension;
			productName = MyWidgetExtension;
			productReference = FA3EF6B42B35291800B440E4 /* MyWidgetExtension.appex */;
			productType = "com.apple.product-type.app-extension";
		};
		FAF718552B1715AD0074C36D /* BoxOfficeKorea */ = {
			isa = PBXNativeTarget;
			buildConfigurationList = FAF718642B1715AE0074C36D /* Build configuration list for PBXNativeTarget "BoxOfficeKorea" */;
			buildPhases = (
				BDEB217AF17F9A1E371D468D /* [CP] Check Pods Manifest.lock */,
				FAF718522B1715AD0074C36D /* Sources */,
				FAF718532B1715AD0074C36D /* Frameworks */,
				FAF718542B1715AD0074C36D /* Resources */,
				34311C75105115B1D7213120 /* [CP] Embed Pods Frameworks */,
				FA3EF6C82B35291A00B440E4 /* Embed Foundation Extensions */,
			);
			buildRules = (
			);
			dependencies = (
				FA3EF6C62B35291A00B440E4 /* PBXTargetDependency */,
			);
			name = BoxOfficeKorea;
			productName = BoxOfficeKorea;
			productReference = FAF718562B1715AD0074C36D /* BoxOfficeKorea.app */;
			productType = "com.apple.product-type.application";
		};
/* End PBXNativeTarget section */

/* Begin PBXProject section */
		FAF7184E2B1715AD0074C36D /* Project object */ = {
			isa = PBXProject;
			attributes = {
				BuildIndependentTargetsInParallel = 1;
				LastSwiftUpdateCheck = 1500;
				LastUpgradeCheck = 1500;
				TargetAttributes = {
					FA3EF6B32B35291800B440E4 = {
						CreatedOnToolsVersion = 15.0;
					};
					FAF718552B1715AD0074C36D = {
						CreatedOnToolsVersion = 15.0;
					};
				};
			};
			buildConfigurationList = FAF718512B1715AD0074C36D /* Build configuration list for PBXProject "BoxOfficeKorea" */;
			compatibilityVersion = "Xcode 14.0";
			developmentRegion = en;
			hasScannedForEncodings = 0;
			knownRegions = (
				en,
				Base,
			);
			mainGroup = FAF7184D2B1715AD0074C36D;
			productRefGroup = FAF718572B1715AD0074C36D /* Products */;
			projectDirPath = "";
			projectRoot = "";
			targets = (
				FAF718552B1715AD0074C36D /* BoxOfficeKorea */,
				FA3EF6B32B35291800B440E4 /* MyWidgetExtension */,
			);
		};
/* End PBXProject section */

/* Begin PBXResourcesBuildPhase section */
		FA3EF6B22B35291800B440E4 /* Resources */ = {
			isa = PBXResourcesBuildPhase;
			buildActionMask = 2147483647;
			files = (
				FA3EF6C32B35291A00B440E4 /* Assets.xcassets in Resources */,
			);
			runOnlyForDeploymentPostprocessing = 0;
		};
		FAF718542B1715AD0074C36D /* Resources */ = {
			isa = PBXResourcesBuildPhase;
			buildActionMask = 2147483647;
			files = (
				FAF718612B1715AE0074C36D /* Preview Assets.xcassets in Resources */,
				FAF7185E2B1715AE0074C36D /* Assets.xcassets in Resources */,
			);
			runOnlyForDeploymentPostprocessing = 0;
		};
/* End PBXResourcesBuildPhase section */

/* Begin PBXShellScriptBuildPhase section */
		34311C75105115B1D7213120 /* [CP] Embed Pods Frameworks */ = {
			isa = PBXShellScriptBuildPhase;
			buildActionMask = 2147483647;
			files = (
			);
			inputFileListPaths = (
				"${PODS_ROOT}/Target Support Files/Pods-BoxOfficeKorea/Pods-BoxOfficeKorea-frameworks-${CONFIGURATION}-input-files.xcfilelist",
			);
			name = "[CP] Embed Pods Frameworks";
			outputFileListPaths = (
				"${PODS_ROOT}/Target Support Files/Pods-BoxOfficeKorea/Pods-BoxOfficeKorea-frameworks-${CONFIGURATION}-output-files.xcfilelist",
			);
			runOnlyForDeploymentPostprocessing = 0;
			shellPath = /bin/sh;
			shellScript = "\"${PODS_ROOT}/Target Support Files/Pods-BoxOfficeKorea/Pods-BoxOfficeKorea-frameworks.sh\"\n";
			showEnvVarsInLog = 0;
		};
		BDEB217AF17F9A1E371D468D /* [CP] Check Pods Manifest.lock */ = {
			isa = PBXShellScriptBuildPhase;
			buildActionMask = 2147483647;
			files = (
			);
			inputFileListPaths = (
			);
			inputPaths = (
				"${PODS_PODFILE_DIR_PATH}/Podfile.lock",
				"${PODS_ROOT}/Manifest.lock",
			);
			name = "[CP] Check Pods Manifest.lock";
			outputFileListPaths = (
			);
			outputPaths = (
				"$(DERIVED_FILE_DIR)/Pods-BoxOfficeKorea-checkManifestLockResult.txt",
			);
			runOnlyForDeploymentPostprocessing = 0;
			shellPath = /bin/sh;
			shellScript = "diff \"${PODS_PODFILE_DIR_PATH}/Podfile.lock\" \"${PODS_ROOT}/Manifest.lock\" > /dev/null\nif [ $? != 0 ] ; then\n    # print error to STDERR\n    echo \"error: The sandbox is not in sync with the Podfile.lock. Run 'pod install' or update your CocoaPods installation.\" >&2\n    exit 1\nfi\n# This output is used by Xcode 'outputs' to avoid re-running this script phase.\necho \"SUCCESS\" > \"${SCRIPT_OUTPUT_FILE_0}\"\n";
			showEnvVarsInLog = 0;
		};
/* End PBXShellScriptBuildPhase section */

/* Begin PBXSourcesBuildPhase section */
		FA3EF6B02B35291800B440E4 /* Sources */ = {
			isa = PBXSourcesBuildPhase;
			buildActionMask = 2147483647;
			files = (
				FA3EF6BD2B35291900B440E4 /* MyWidgetLiveActivity.swift in Sources */,
				FA3EF6C12B35291900B440E4 /* AppIntent.swift in Sources */,
				FA3EF6CF2B35355800B440E4 /* ImageCacheManager.swift in Sources */,
				FA3EF6BB2B35291900B440E4 /* MyWidgetBundle.swift in Sources */,
				FA3EF6BF2B35291900B440E4 /* MyWidget.swift in Sources */,
			);
			runOnlyForDeploymentPostprocessing = 0;
		};
		FAF718522B1715AD0074C36D /* Sources */ = {
			isa = PBXSourcesBuildPhase;
			buildActionMask = 2147483647;
			files = (
				FA860AFD2B3C216B008C3009 /* GADBannerViewController.swift in Sources */,
				FA5C637C2B20133900F718A4 /* MovieModel.swift in Sources */,
				FA3EF6AF2B341C5900B440E4 /* String.swift in Sources */,
				FA3EF6AB2B33E66100B440E4 /* MovieDetailModel.swift in Sources */,
				FA5BED2D2B2A96EF00A9456F /* Categories.swift in Sources */,
				FA5BED2B2B2A8AC000A9456F /* MovieView.swift in Sources */,
				FAB3CE9F2B30446F00CD42F6 /* KAKAO.swift in Sources */,
				FA5BED3B2B2AE22D00A9456F /* MovieImageModel.swift in Sources */,
				FAF7185C2B1715AD0074C36D /* ContentView.swift in Sources */,
				FA3EF6CE2B35355800B440E4 /* ImageCacheManager.swift in Sources */,
				FA5BED362B2AA19E00A9456F /* View.swift in Sources */,
				FAB3CE9C2B30445300CD42F6 /* KEY.swift in Sources */,
				FAF7185A2B1715AD0074C36D /* BoxOfficeKoreaApp.swift in Sources */,
				FA860B042B3CF479008C3009 /* Key.swift in Sources */,
				FA5C637A2B20132A00F718A4 /* MovieViewModel.swift in Sources */,
				FA3EF6A92B33DD4C00B440E4 /* MovieDetailView.swift in Sources */,
			);
			runOnlyForDeploymentPostprocessing = 0;
		};
/* End PBXSourcesBuildPhase section */

/* Begin PBXTargetDependency section */
		FA3EF6C62B35291A00B440E4 /* PBXTargetDependency */ = {
			isa = PBXTargetDependency;
			target = FA3EF6B32B35291800B440E4 /* MyWidgetExtension */;
			targetProxy = FA3EF6C52B35291A00B440E4 /* PBXContainerItemProxy */;
		};
/* End PBXTargetDependency section */

/* Begin XCBuildConfiguration section */
		FA3EF6C92B35291A00B440E4 /* Debug */ = {
			isa = XCBuildConfiguration;
			buildSettings = {
				ASSETCATALOG_COMPILER_GLOBAL_ACCENT_COLOR_NAME = AccentColor;
				ASSETCATALOG_COMPILER_WIDGET_BACKGROUND_COLOR_NAME = WidgetBackground;
				CODE_SIGN_STYLE = Automatic;
				CURRENT_PROJECT_VERSION = 1;
				DEVELOPMENT_TEAM = WJVGRM2SN6;
				ENABLE_USER_SCRIPT_SANDBOXING = YES;
				GENERATE_INFOPLIST_FILE = YES;
				INFOPLIST_FILE = MyWidget/Info.plist;
				INFOPLIST_KEY_CFBundleDisplayName = MyWidget;
				INFOPLIST_KEY_NSHumanReadableCopyright = "";
				LD_RUNPATH_SEARCH_PATHS = (
					"$(inherited)",
					"@executable_path/Frameworks",
					"@executable_path/../../Frameworks",
				);
				MARKETING_VERSION = 1.0;
				PRODUCT_BUNDLE_IDENTIFIER = com.henry.BoxOfficeKorea.MyWidget;
				PRODUCT_NAME = "$(TARGET_NAME)";
				SKIP_INSTALL = YES;
				SWIFT_EMIT_LOC_STRINGS = YES;
				SWIFT_VERSION = 5.0;
				TARGETED_DEVICE_FAMILY = "1,2";
			};
			name = Debug;
		};
		FA3EF6CA2B35291A00B440E4 /* Release */ = {
			isa = XCBuildConfiguration;
			buildSettings = {
				ASSETCATALOG_COMPILER_GLOBAL_ACCENT_COLOR_NAME = AccentColor;
				ASSETCATALOG_COMPILER_WIDGET_BACKGROUND_COLOR_NAME = WidgetBackground;
				CODE_SIGN_STYLE = Automatic;
				CURRENT_PROJECT_VERSION = 1;
				DEVELOPMENT_TEAM = WJVGRM2SN6;
				ENABLE_USER_SCRIPT_SANDBOXING = YES;
				GENERATE_INFOPLIST_FILE = YES;
				INFOPLIST_FILE = MyWidget/Info.plist;
				INFOPLIST_KEY_CFBundleDisplayName = MyWidget;
				INFOPLIST_KEY_NSHumanReadableCopyright = "";
				LD_RUNPATH_SEARCH_PATHS = (
					"$(inherited)",
					"@executable_path/Frameworks",
					"@executable_path/../../Frameworks",
				);
				MARKETING_VERSION = 1.0;
				PRODUCT_BUNDLE_IDENTIFIER = com.henry.BoxOfficeKorea.MyWidget;
				PRODUCT_NAME = "$(TARGET_NAME)";
				SKIP_INSTALL = YES;
				SWIFT_EMIT_LOC_STRINGS = YES;
				SWIFT_VERSION = 5.0;
				TARGETED_DEVICE_FAMILY = "1,2";
			};
			name = Release;
		};
		FAF718622B1715AE0074C36D /* Debug */ = {
			isa = XCBuildConfiguration;
			buildSettings = {
				ALWAYS_SEARCH_USER_PATHS = NO;
				ASSETCATALOG_COMPILER_GENERATE_SWIFT_ASSET_SYMBOL_EXTENSIONS = YES;
				CLANG_ANALYZER_NONNULL = YES;
				CLANG_ANALYZER_NUMBER_OBJECT_CONVERSION = YES_AGGRESSIVE;
				CLANG_CXX_LANGUAGE_STANDARD = "gnu++20";
				CLANG_ENABLE_MODULES = YES;
				CLANG_ENABLE_OBJC_ARC = YES;
				CLANG_ENABLE_OBJC_WEAK = YES;
				CLANG_WARN_BLOCK_CAPTURE_AUTORELEASING = YES;
				CLANG_WARN_BOOL_CONVERSION = YES;
				CLANG_WARN_COMMA = YES;
				CLANG_WARN_CONSTANT_CONVERSION = YES;
				CLANG_WARN_DEPRECATED_OBJC_IMPLEMENTATIONS = YES;
				CLANG_WARN_DIRECT_OBJC_ISA_USAGE = YES_ERROR;
				CLANG_WARN_DOCUMENTATION_COMMENTS = YES;
				CLANG_WARN_EMPTY_BODY = YES;
				CLANG_WARN_ENUM_CONVERSION = YES;
				CLANG_WARN_INFINITE_RECURSION = YES;
				CLANG_WARN_INT_CONVERSION = YES;
				CLANG_WARN_NON_LITERAL_NULL_CONVERSION = YES;
				CLANG_WARN_OBJC_IMPLICIT_RETAIN_SELF = YES;
				CLANG_WARN_OBJC_LITERAL_CONVERSION = YES;
				CLANG_WARN_OBJC_ROOT_CLASS = YES_ERROR;
				CLANG_WARN_QUOTED_INCLUDE_IN_FRAMEWORK_HEADER = YES;
				CLANG_WARN_RANGE_LOOP_ANALYSIS = YES;
				CLANG_WARN_STRICT_PROTOTYPES = YES;
				CLANG_WARN_SUSPICIOUS_MOVE = YES;
				CLANG_WARN_UNGUARDED_AVAILABILITY = YES_AGGRESSIVE;
				CLANG_WARN_UNREACHABLE_CODE = YES;
				CLANG_WARN__DUPLICATE_METHOD_MATCH = YES;
				COPY_PHASE_STRIP = NO;
				DEBUG_INFORMATION_FORMAT = dwarf;
				ENABLE_STRICT_OBJC_MSGSEND = YES;
				ENABLE_TESTABILITY = YES;
				ENABLE_USER_SCRIPT_SANDBOXING = NO;
				GCC_C_LANGUAGE_STANDARD = gnu17;
				GCC_DYNAMIC_NO_PIC = NO;
				GCC_NO_COMMON_BLOCKS = YES;
				GCC_OPTIMIZATION_LEVEL = 0;
				GCC_PREPROCESSOR_DEFINITIONS = (
					"DEBUG=1",
					"$(inherited)",
				);
				GCC_WARN_64_TO_32_BIT_CONVERSION = YES;
				GCC_WARN_ABOUT_RETURN_TYPE = YES_ERROR;
				GCC_WARN_UNDECLARED_SELECTOR = YES;
				GCC_WARN_UNINITIALIZED_AUTOS = YES_AGGRESSIVE;
				GCC_WARN_UNUSED_FUNCTION = YES;
				GCC_WARN_UNUSED_VARIABLE = YES;
				IPHONEOS_DEPLOYMENT_TARGET = 17.0;
				LOCALIZATION_PREFERS_STRING_CATALOGS = YES;
				MTL_ENABLE_DEBUG_INFO = INCLUDE_SOURCE;
				MTL_FAST_MATH = YES;
				ONLY_ACTIVE_ARCH = YES;
				SDKROOT = iphoneos;
				SWIFT_ACTIVE_COMPILATION_CONDITIONS = "DEBUG $(inherited)";
				SWIFT_OPTIMIZATION_LEVEL = "-Onone";
			};
			name = Debug;
		};
		FAF718632B1715AE0074C36D /* Release */ = {
			isa = XCBuildConfiguration;
			buildSettings = {
				ALWAYS_SEARCH_USER_PATHS = NO;
				ASSETCATALOG_COMPILER_GENERATE_SWIFT_ASSET_SYMBOL_EXTENSIONS = YES;
				CLANG_ANALYZER_NONNULL = YES;
				CLANG_ANALYZER_NUMBER_OBJECT_CONVERSION = YES_AGGRESSIVE;
				CLANG_CXX_LANGUAGE_STANDARD = "gnu++20";
				CLANG_ENABLE_MODULES = YES;
				CLANG_ENABLE_OBJC_ARC = YES;
				CLANG_ENABLE_OBJC_WEAK = YES;
				CLANG_WARN_BLOCK_CAPTURE_AUTORELEASING = YES;
				CLANG_WARN_BOOL_CONVERSION = YES;
				CLANG_WARN_COMMA = YES;
				CLANG_WARN_CONSTANT_CONVERSION = YES;
				CLANG_WARN_DEPRECATED_OBJC_IMPLEMENTATIONS = YES;
				CLANG_WARN_DIRECT_OBJC_ISA_USAGE = YES_ERROR;
				CLANG_WARN_DOCUMENTATION_COMMENTS = YES;
				CLANG_WARN_EMPTY_BODY = YES;
				CLANG_WARN_ENUM_CONVERSION = YES;
				CLANG_WARN_INFINITE_RECURSION = YES;
				CLANG_WARN_INT_CONVERSION = YES;
				CLANG_WARN_NON_LITERAL_NULL_CONVERSION = YES;
				CLANG_WARN_OBJC_IMPLICIT_RETAIN_SELF = YES;
				CLANG_WARN_OBJC_LITERAL_CONVERSION = YES;
				CLANG_WARN_OBJC_ROOT_CLASS = YES_ERROR;
				CLANG_WARN_QUOTED_INCLUDE_IN_FRAMEWORK_HEADER = YES;
				CLANG_WARN_RANGE_LOOP_ANALYSIS = YES;
				CLANG_WARN_STRICT_PROTOTYPES = YES;
				CLANG_WARN_SUSPICIOUS_MOVE = YES;
				CLANG_WARN_UNGUARDED_AVAILABILITY = YES_AGGRESSIVE;
				CLANG_WARN_UNREACHABLE_CODE = YES;
				CLANG_WARN__DUPLICATE_METHOD_MATCH = YES;
				COPY_PHASE_STRIP = NO;
				DEBUG_INFORMATION_FORMAT = "dwarf-with-dsym";
				ENABLE_NS_ASSERTIONS = NO;
				ENABLE_STRICT_OBJC_MSGSEND = YES;
				ENABLE_USER_SCRIPT_SANDBOXING = NO;
				GCC_C_LANGUAGE_STANDARD = gnu17;
				GCC_NO_COMMON_BLOCKS = YES;
				GCC_WARN_64_TO_32_BIT_CONVERSION = YES;
				GCC_WARN_ABOUT_RETURN_TYPE = YES_ERROR;
				GCC_WARN_UNDECLARED_SELECTOR = YES;
				GCC_WARN_UNINITIALIZED_AUTOS = YES_AGGRESSIVE;
				GCC_WARN_UNUSED_FUNCTION = YES;
				GCC_WARN_UNUSED_VARIABLE = YES;
				IPHONEOS_DEPLOYMENT_TARGET = 17.0;
				LOCALIZATION_PREFERS_STRING_CATALOGS = YES;
				MTL_ENABLE_DEBUG_INFO = NO;
				MTL_FAST_MATH = YES;
				SDKROOT = iphoneos;
				SWIFT_COMPILATION_MODE = wholemodule;
				VALIDATE_PRODUCT = YES;
			};
			name = Release;
		};
		FAF718652B1715AE0074C36D /* Debug */ = {
			isa = XCBuildConfiguration;
			baseConfigurationReference = EAF1151792FB0F6882B31F8F /* Pods-BoxOfficeKorea.debug.xcconfig */;
			buildSettings = {
				ALWAYS_EMBED_SWIFT_STANDARD_LIBRARIES = YES;
				ASSETCATALOG_COMPILER_APPICON_NAME = AppIcon;
				ASSETCATALOG_COMPILER_GLOBAL_ACCENT_COLOR_NAME = AccentColor;
				CODE_SIGN_STYLE = Automatic;
				CURRENT_PROJECT_VERSION = 1;
				DEVELOPMENT_ASSET_PATHS = "\"BoxOfficeKorea/Preview Content\"";
				DEVELOPMENT_TEAM = WJVGRM2SN6;
				ENABLE_PREVIEWS = YES;
				GENERATE_INFOPLIST_FILE = YES;
				INFOPLIST_FILE = BoxOfficeKorea/Info.plist;
				INFOPLIST_KEY_UIApplicationSceneManifest_Generation = YES;
				INFOPLIST_KEY_UIApplicationSupportsIndirectInputEvents = YES;
				INFOPLIST_KEY_UILaunchScreen_Generation = YES;
				INFOPLIST_KEY_UISupportedInterfaceOrientations = UIInterfaceOrientationPortrait;
				INFOPLIST_KEY_UISupportedInterfaceOrientations_iPad = "UIInterfaceOrientationLandscapeLeft UIInterfaceOrientationLandscapeRight UIInterfaceOrientationPortrait UIInterfaceOrientationPortraitUpsideDown";
				INFOPLIST_KEY_UIUserInterfaceStyle = Light;
				LD_RUNPATH_SEARCH_PATHS = (
					"$(inherited)",
					"@executable_path/Frameworks",
				);
				MARKETING_VERSION = 1.0;
				PRODUCT_BUNDLE_IDENTIFIER = com.henry.BoxOfficeKorea;
				PRODUCT_NAME = "$(TARGET_NAME)";
				SUPPORTED_PLATFORMS = "iphoneos iphonesimulator";
				SUPPORTS_MACCATALYST = NO;
				SUPPORTS_MAC_DESIGNED_FOR_IPHONE_IPAD = NO;
				SWIFT_EMIT_LOC_STRINGS = YES;
				SWIFT_VERSION = 5.0;
				TARGETED_DEVICE_FAMILY = 1;
			};
			name = Debug;
		};
		FAF718662B1715AE0074C36D /* Release */ = {
			isa = XCBuildConfiguration;
			baseConfigurationReference = BCC795C415A07AC3BDD5BC9F /* Pods-BoxOfficeKorea.release.xcconfig */;
			buildSettings = {
				ALWAYS_EMBED_SWIFT_STANDARD_LIBRARIES = YES;
				ASSETCATALOG_COMPILER_APPICON_NAME = AppIcon;
				ASSETCATALOG_COMPILER_GLOBAL_ACCENT_COLOR_NAME = AccentColor;
				CODE_SIGN_STYLE = Automatic;
				CURRENT_PROJECT_VERSION = 1;
				DEVELOPMENT_ASSET_PATHS = "\"BoxOfficeKorea/Preview Content\"";
				DEVELOPMENT_TEAM = WJVGRM2SN6;
				ENABLE_PREVIEWS = YES;
				GENERATE_INFOPLIST_FILE = YES;
				INFOPLIST_FILE = BoxOfficeKorea/Info.plist;
				INFOPLIST_KEY_UIApplicationSceneManifest_Generation = YES;
				INFOPLIST_KEY_UIApplicationSupportsIndirectInputEvents = YES;
				INFOPLIST_KEY_UILaunchScreen_Generation = YES;
				INFOPLIST_KEY_UISupportedInterfaceOrientations = UIInterfaceOrientationPortrait;
				INFOPLIST_KEY_UISupportedInterfaceOrientations_iPad = "UIInterfaceOrientationLandscapeLeft UIInterfaceOrientationLandscapeRight UIInterfaceOrientationPortrait UIInterfaceOrientationPortraitUpsideDown";
				INFOPLIST_KEY_UIUserInterfaceStyle = Light;
				LD_RUNPATH_SEARCH_PATHS = (
					"$(inherited)",
					"@executable_path/Frameworks",
				);
				MARKETING_VERSION = 1.0;
				PRODUCT_BUNDLE_IDENTIFIER = com.henry.BoxOfficeKorea;
				PRODUCT_NAME = "$(TARGET_NAME)";
				SUPPORTED_PLATFORMS = "iphoneos iphonesimulator";
				SUPPORTS_MACCATALYST = NO;
				SUPPORTS_MAC_DESIGNED_FOR_IPHONE_IPAD = NO;
				SWIFT_EMIT_LOC_STRINGS = YES;
				SWIFT_VERSION = 5.0;
				TARGETED_DEVICE_FAMILY = 1;
			};
			name = Release;
		};
/* End XCBuildConfiguration section */

/* Begin XCConfigurationList section */
		FA3EF6CB2B35291A00B440E4 /* Build configuration list for PBXNativeTarget "MyWidgetExtension" */ = {
			isa = XCConfigurationList;
			buildConfigurations = (
				FA3EF6C92B35291A00B440E4 /* Debug */,
				FA3EF6CA2B35291A00B440E4 /* Release */,
			);
			defaultConfigurationIsVisible = 0;
			defaultConfigurationName = Release;
		};
		FAF718512B1715AD0074C36D /* Build configuration list for PBXProject "BoxOfficeKorea" */ = {
			isa = XCConfigurationList;
			buildConfigurations = (
				FAF718622B1715AE0074C36D /* Debug */,
				FAF718632B1715AE0074C36D /* Release */,
			);
			defaultConfigurationIsVisible = 0;
			defaultConfigurationName = Release;
		};
		FAF718642B1715AE0074C36D /* Build configuration list for PBXNativeTarget "BoxOfficeKorea" */ = {
			isa = XCConfigurationList;
			buildConfigurations = (
				FAF718652B1715AE0074C36D /* Debug */,
				FAF718662B1715AE0074C36D /* Release */,
			);
			defaultConfigurationIsVisible = 0;
			defaultConfigurationName = Release;
		};
/* End XCConfigurationList section */
	};
	rootObject = FAF7184E2B1715AD0074C36D /* Project object */;
}
